
Microsoft Visual Studio Solution File, Format Version 12.00
# Visual Studio Version 17
VisualStudioVersion = 17.9.34714.143
MinimumVisualStudioVersion = 10.0.40219.1
Project("{FAE04EC0-301F-11D3-BF4B-00C04F79EFBC}") = "ConverteFotos", "ConverteFotos.csproj", "{431647F8-5804-47C3-8686-3462EA7F95E3}"
EndProject
Global
	GlobalSection(SolutionConfigurationPlatforms) = preSolution
		Debug|Any CPU = Debug|Any CPU
		Release|Any CPU = Release|Any CPU
	EndGlobalSection
	GlobalSection(ProjectConfigurationPlatforms) = postSolution
		{431647F8-5804-47C3-8686-3462EA7F95E3}.Debug|Any CPU.ActiveCfg = Debug|Any CPU
		{431647F8-5804-47C3-8686-3462EA7F95E3}.Debug|Any CPU.Build.0 = Debug|Any CPU
		{431647F8-5804-47C3-8686-3462EA7F95E3}.Release|Any CPU.ActiveCfg = Release|Any CPU
		{431647F8-5804-47C3-8686-3462EA7F95E3}.Release|Any CPU.Build.0 = Release|Any CPU
	EndGlobalSection
	GlobalSection(SolutionProperties) = preSolution
		HideSolutionNode = FALSE
	EndGlobalSection
	GlobalSection(ExtensibilityGlobals) = postSolution
		SolutionGuid = {DF537718-DA7D-4E60-AF4D-82FC8C0CBE70}
	EndGlobalSection
EndGlobal
